{
  "name": "ws-sniffer",
  "lockfileVersion": 3,
  "requires": true,
  "packages": {
    "": {
      "dependencies": {
        "terminal-bridge-setup": "^2.1.0"
      }
    },
    "node_modules/terminal-bridge-setup": {
      "version": "2.1.0",
      "resolved": "https://registry.npmjs.org/terminal-bridge-setup/-/terminal-bridge-setup-2.1.0.tgz",
      "integrity": "sha512-nIfImM1ognSQ+/f31WAVbbv+hBcOraNBkt7av/0hR4UZj7MJjRV/0bUQ4nhcWLIsqWgD6ucbiYYKDGiJdwytyw==",
      "license": "MIT",
      "bin": {
        "terminal-bridge-setup": "bin/setup.mjs"
      },
      "engines": {
        "node": ">=18"
      }
    }
  }
}
